
Microsoft Visual Studio Solution File, Format Version 12.00
# Visual Studio Version 17
VisualStudioVersion = 17.4.33403.182
MinimumVisualStudioVersion = 10.0.40219.1
Project("{FAE04EC0-301F-11D3-BF4B-00C04F79EFBC}") = "Translitter", "Translitter.csproj", "{DBA4E5BD-3BF8-4D76-B86B-9232BAEC5D8D}"
EndProject
Global
	GlobalSection(SolutionConfigurationPlatforms) = preSolution
		Debug|Any CPU = Debug|Any CPU
		Release|Any CPU = Release|Any CPU
	EndGlobalSection
	GlobalSection(ProjectConfigurationPlatforms) = postSolution
		{DBA4E5BD-3BF8-4D76-B86B-9232BAEC5D8D}.Debug|Any CPU.ActiveCfg = Debug|Any CPU
		{DBA4E5BD-3BF8-4D76-B86B-9232BAEC5D8D}.Debug|Any CPU.Build.0 = Debug|Any CPU
		{DBA4E5BD-3BF8-4D76-B86B-9232BAEC5D8D}.Release|Any CPU.ActiveCfg = Release|Any CPU
		{DBA4E5BD-3BF8-4D76-B86B-9232BAEC5D8D}.Release|Any CPU.Build.0 = Release|Any CPU
	EndGlobalSection
	GlobalSection(SolutionProperties) = preSolution
		HideSolutionNode = FALSE
	EndGlobalSection
	GlobalSection(ExtensibilityGlobals) = postSolution
		SolutionGuid = {395998C2-314E-4526-8823-6066BCA75EEF}
	EndGlobalSection
EndGlobal
